// !$*UTF8*$!
{
	archiveVersion = 1;
	classes = {
	};
	objectVersion = 46;
	objects = {

/* Begin PBXBuildFile section */
		8118C4281ED8382D0040FD6E /* TableViewController.swift in Sources */ = {isa = PBXBuildFile; fileRef = 8118C4271ED8382D0040FD6E /* TableViewController.swift */; };
		811F4C1E1ECC6B7000653753 /* AppDelegate.swift in Sources */ = {isa = PBXBuildFile; fileRef = 811F4C1D1ECC6B7000653753 /* AppDelegate.swift */; };
		811F4C231ECC6B7000653753 /* Main.storyboard in Resources */ = {isa = PBXBuildFile; fileRef = 811F4C211ECC6B7000653753 /* Main.storyboard */; };
		811F4C251ECC6B7000653753 /* Assets.xcassets in Resources */ = {isa = PBXBuildFile; fileRef = 811F4C241ECC6B7000653753 /* Assets.xcassets */; };
		811F4C281ECC6B7000653753 /* LaunchScreen.storyboard in Resources */ = {isa = PBXBuildFile; fileRef = 811F4C261ECC6B7000653753 /* LaunchScreen.storyboard */; };
/* End PBXBuildFile section */

/* Begin PBXFileReference section */
		8118C4271ED8382D0040FD6E /* TableViewController.swift */ = {isa = PBXFileReference; fileEncoding = 4; lastKnownFileType = sourcecode.swift; path = TableViewController.swift; sourceTree = "<group>"; };
		811F4C1A1ECC6B7000653753 /* Flipdecks.app */ = {isa = PBXFileReference; explicitFileType = wrapper.application; includeInIndex = 0; path = Flipdecks.app; sourceTree = BUILT_PRODUCTS_DIR; };
		811F4C1D1ECC6B7000653753 /* AppDelegate.swift */ = {isa = PBXFileReference; lastKnownFileType = sourcecode.swift; path = AppDelegate.swift; sourceTree = "<group>"; };
		811F4C221ECC6B7000653753 /* Base */ = {isa = PBXFileReference; lastKnownFileType = file.storyboard; name = Base; path = Base.lproj/Main.storyboard; sourceTree = "<group>"; };
		811F4C241ECC6B7000653753 /* Assets.xcassets */ = {isa = PBXFileReference; lastKnownFileType = folder.assetcatalog; path = Assets.xcassets; sourceTree = "<group>"; };
		811F4C271ECC6B7000653753 /* Base */ = {isa = PBXFileReference; lastKnownFileType = file.storyboard; name = Base; path = Base.lproj/LaunchScreen.storyboard; sourceTree = "<group>"; };
		811F4C291ECC6B7000653753 /* Info.plist */ = {isa = PBXFileReference; lastKnownFileType = text.plist.xml; path = Info.plist; sourceTree = "<group>"; };
/* End PBXFileReference section */

/* Begin PBXFrameworksBuildPhase section */
		811F4C171ECC6B7000653753 /* Frameworks */ = {
			isa = PBXFrameworksBuildPhase;
			buildActionMask = 2147483647;
			files = (
			);
			runOnlyForDeploymentPostprocessing = 0;
		};
/* End PBXFrameworksBuildPhase section */

/* Begin PBXGroup section */
		811F4C111ECC6B7000653753 = {
			isa = PBXGroup;
			children = (
				811F4C1C1ECC6B7000653753 /* Flipdecks */,
				811F4C1B1ECC6B7000653753 /* Products */,
			);
			sourceTree = "<group>";
		};
		811F4C1B1ECC6B7000653753 /* Products */ = {
			isa = PBXGroup;
			children = (
				811F4C1A1ECC6B7000653753 /* Flipdecks.app */,
			);
			name = Products;
			sourceTree = "<group>";
		};
		811F4C1C1ECC6B7000653753 /* Flipdecks */ = {
			isa = PBXGroup;
			children = (
				811F4C1D1ECC6B7000653753 /* AppDelegate.swift */,
				811F4C211ECC6B7000653753 /* Main.storyboard */,
				8118C4271ED8382D0040FD6E /* TableViewController.swift */,
				811F4C241ECC6B7000653753 /* Assets.xcassets */,
				811F4C261ECC6B7000653753 /* LaunchScreen.storyboard */,
				811F4C291ECC6B7000653753 /* Info.plist */,
			);
			path = Flipdecks;
			sourceTree = "<group>";
		};
/* End PBXGroup section */

/* Begin PBXNativeTarget section */
		811F4C191ECC6B7000653753 /* Flipdecks */ = {
			isa = PBXNativeTarget;
			buildConfigurationList = 811F4C2C1ECC6B7000653753 /* Build configuration list for PBXNativeTarget "Flipdecks" */;
			buildPhases = (
				811F4C161ECC6B7000653753 /* Sources */,
				811F4C171ECC6B7000653753 /* Frameworks */,
				811F4C181ECC6B7000653753 /* Resources */,
			);
			buildRules = (
			);
			dependencies = (
			);
			name = Flipdecks;
			productName = Flipdecks;
			productReference = 811F4C1A1ECC6B7000653753 /* Flipdecks.app */;
			productType = "com.apple.product-type.application";
		};
/* End PBXNativeTarget section */

/* Begin PBXProject section */
		811F4C121ECC6B7000653753 /* Project object */ = {
			isa = PBXProject;
			attributes = {
				LastSwiftUpdateCheck = 0830;
				LastUpgradeCheck = 0830;
				ORGANIZATIONNAME = "Sabine Kaupp";
				TargetAttributes = {
					811F4C191ECC6B7000653753 = {
						CreatedOnToolsVersion = 8.3.2;
						ProvisioningStyle = Automatic;
					};
				};
			};
			buildConfigurationList = 811F4C151ECC6B7000653753 /* Build configuration list for PBXProject "Flipdecks" */;
			compatibilityVersion = "Xcode 3.2";
			developmentRegion = English;
			hasScannedForEncodings = 0;
			knownRegions = (
				en,
				Base,
			);
			mainGroup = 811F4C111ECC6B7000653753;
			productRefGroup = 811F4C1B1ECC6B7000653753 /* Products */;
			projectDirPath = "";
			projectRoot = "";
			targets = (
				811F4C191ECC6B7000653753 /* Flipdecks */,
			);
		};
/* End PBXProject section */

/* Begin PBXResourcesBuildPhase section */
		811F4C181ECC6B7000653753 /* Resources */ = {
			isa = PBXResourcesBuildPhase;
			buildActionMask = 2147483647;
			files = (
				811F4C281ECC6B7000653753 /* LaunchScreen.storyboard in Resources */,
				811F4C251ECC6B7000653753 /* Assets.xcassets in Resources */,
				811F4C231ECC6B7000653753 /* Main.storyboard in Resources */,
			);
			runOnlyForDeploymentPostprocessing = 0;
		};
/* End PBXResourcesBuildPhase section */

/* Begin PBXSourcesBuildPhase section */
		811F4C161ECC6B7000653753 /* Sources */ = {
			isa = PBXSourcesBuildPhase;
			buildActionMask = 2147483647;
			files = (
				811F4C1E1ECC6B7000653753 /* AppDelegate.swift in Sources */,
				8118C4281ED8382D0040FD6E /* TableViewController.swift in Sources */,
			);
			runOnlyForDeploymentPostprocessing = 0;
		};
/* End PBXSourcesBuildPhase section */

/* Begin PBXVariantGroup section */
		811F4C211ECC6B7000653753 /* Main.storyboard */ = {
			isa = PBXVariantGroup;
			children = (
				811F4C221ECC6B7000653753 /* Base */,
			);
			name = Main.storyboard;
			sourceTree = "<group>";
		};
		811F4C261ECC6B7000653753 /* LaunchScreen.storyboard */ = {
			isa = PBXVariantGroup;
			children = (
				811F4C271ECC6B7000653753 /* Base */,
			);
			name = LaunchScreen.storyboard;
			sourceTree = "<group>";
		};
/* End PBXVariantGroup section */

/* Begin XCBuildConfiguration section */
		811F4C2A1ECC6B7000653753 /* Debug */ = {
			isa = XCBuildConfiguration;
			buildSettings = {
				ALWAYS_SEARCH_USER_PATHS = NO;
				CLANG_ANALYZER_NONNULL = YES;
				CLANG_ANALYZER_NUMBER_OBJECT_CONVERSION = YES_AGGRESSIVE;
				CLANG_CXX_LANGUAGE_STANDARD = "gnu++0x";
				CLANG_CXX_LIBRARY = "libc++";
				CLANG_ENABLE_MODULES = YES;
				CLANG_ENABLE_OBJC_ARC = YES;
				CLANG_WARN_BOOL_CONVERSION = YES;
				CLANG_WARN_CONSTANT_CONVERSION = YES;
				CLANG_WARN_DIRECT_OBJC_ISA_USAGE = YES_ERROR;
				CLANG_WARN_DOCUMENTATION_COMMENTS = YES;
				CLANG_WARN_EMPTY_BODY = YES;
				CLANG_WARN_ENUM_CONVERSION = YES;
				CLANG_WARN_INFINITE_RECURSION = YES;
				CLANG_WARN_INT_CONVERSION = YES;
				CLANG_WARN_OBJC_ROOT_CLASS = YES_ERROR;
				CLANG_WARN_SUSPICIOUS_MOVE = YES;
				CLANG_WARN_UNREACHABLE_CODE = YES;
				CLANG_WARN__DUPLICATE_METHOD_MATCH = YES;
				"CODE_SIGN_IDENTITY[sdk=iphoneos*]" = "iPhone Developer";
				COPY_PHASE_STRIP = NO;
				DEBUG_INFORMATION_FORMAT = dwarf;
				ENABLE_STRICT_OBJC_MSGSEND = YES;
				ENABLE_TESTABILITY = YES;
				GCC_C_LANGUAGE_STANDARD = gnu99;
				GCC_DYNAMIC_NO_PIC = NO;
				GCC_NO_COMMON_BLOCKS = YES;
				GCC_OPTIMIZATION_LEVEL = 0;
				GCC_PREPROCESSOR_DEFINITIONS = (
					"DEBUG=1",
					"$(inherited)",
				);
				GCC_WARN_64_TO_32_BIT_CONVERSION = YES;
				GCC_WARN_ABOUT_RETURN_TYPE = YES_ERROR;
				GCC_WARN_UNDECLARED_SELECTOR = YES;
				GCC_WARN_UNINITIALIZED_AUTOS = YES_AGGRESSIVE;
				GCC_WARN_UNUSED_FUNCTION = YES;
				GCC_WARN_UNUSED_VARIABLE = YES;
				IPHONEOS_DEPLOYMENT_TARGET = 10.3;
				MTL_ENABLE_DEBUG_INFO = YES;
				ONLY_ACTIVE_ARCH = YES;
				SDKROOT = iphoneos;
				SWIFT_ACTIVE_COMPILATION_CONDITIONS = DEBUG;
				SWIFT_OPTIMIZATION_LEVEL = "-Onone";
			};
			name = Debug;
		};
		811F4C2B1ECC6B7000653753 /* Release */ = {
			isa = XCBuildConfiguration;
			buildSettings = {
				ALWAYS_SEARCH_USER_PATHS = NO;
				CLANG_ANALYZER_NONNULL = YES;
				CLANG_ANALYZER_NUMBER_OBJECT_CONVERSION = YES_AGGRESSIVE;
				CLANG_CXX_LANGUAGE_STANDARD = "gnu++0x";
				CLANG_CXX_LIBRARY = "libc++";
				CLANG_ENABLE_MODULES = YES;
				CLANG_ENABLE_OBJC_ARC = YES;
				CLANG_WARN_BOOL_CONVERSION = YES;
				CLANG_WARN_CONSTANT_CONVERSION = YES;
				CLANG_WARN_DIRECT_OBJC_ISA_USAGE = YES_ERROR;
				CLANG_WARN_DOCUMENTATION_COMMENTS = YES;
				CLANG_WARN_EMPTY_BODY = YES;
				CLANG_WARN_ENUM_CONVERSION = YES;
				CLANG_WARN_INFINITE_RECURSION = YES;
				CLANG_WARN_INT_CONVERSION = YES;
				CLANG_WARN_OBJC_ROOT_CLASS = YES_ERROR;
				CLANG_WARN_SUSPICIOUS_MOVE = YES;
				CLANG_WARN_UNREACHABLE_CODE = YES;
				CLANG_WARN__DUPLICATE_METHOD_MATCH = YES;
				"CODE_SIGN_IDENTITY[sdk=iphoneos*]" = "iPhone Developer";
				COPY_PHASE_STRIP = NO;
				DEBUG_INFORMATION_FORMAT = "dwarf-with-dsym";
				ENABLE_NS_ASSERTIONS = NO;
				ENABLE_STRICT_OBJC_MSGSEND = YES;
				GCC_C_LANGUAGE_STANDARD = gnu99;
				GCC_NO_COMMON_BLOCKS = YES;
				GCC_WARN_64_TO_32_BIT_CONVERSION = YES;
				GCC_WARN_ABOUT_RETURN_TYPE = YES_ERROR;
				GCC_WARN_UNDECLARED_SELECTOR = YES;
				GCC_WARN_UNINITIALIZED_AUTOS = YES_AGGRESSIVE;
				GCC_WARN_UNUSED_FUNCTION = YES;
				GCC_WARN_UNUSED_VARIABLE = YES;
				IPHONEOS_DEPLOYMENT_TARGET = 10.3;
				MTL_ENABLE_DEBUG_INFO = NO;
				SDKROOT = iphoneos;
				SWIFT_OPTIMIZATION_LEVEL = "-Owholemodule";
				VALIDATE_PRODUCT = YES;
			};
			name = Release;
		};
		811F4C2D1ECC6B7000653753 /* Debug */ = {
			isa = XCBuildConfiguration;
			buildSettings = {
				ASSETCATALOG_COMPILER_APPICON_NAME = AppIcon;
				INFOPLIST_FILE = Flipdecks/Info.plist;
				LD_RUNPATH_SEARCH_PATHS = "$(inherited) @executable_path/Frameworks";
				PRODUCT_BUNDLE_IDENTIFIER = iOS.Flipdecks;
				PRODUCT_NAME = "$(TARGET_NAME)";
				SWIFT_VERSION = 3.0;
			};
			name = Debug;
		};
		811F4C2E1ECC6B7000653753 /* Release */ = {
			isa = XCBuildConfiguration;
			buildSettings = {
				ASSETCATALOG_COMPILER_APPICON_NAME = AppIcon;
				INFOPLIST_FILE = Flipdecks/Info.plist;
				LD_RUNPATH_SEARCH_PATHS = "$(inherited) @executable_path/Frameworks";
				PRODUCT_BUNDLE_IDENTIFIER = iOS.Flipdecks;
				PRODUCT_NAME = "$(TARGET_NAME)";
				SWIFT_VERSION = 3.0;
			};
			name = Release;
		};
/* End XCBuildConfiguration section */

/* Begin XCConfigurationList section */
		811F4C151ECC6B7000653753 /* Build configuration list for PBXProject "Flipdecks" */ = {
			isa = XCConfigurationList;
			buildConfigurations = (
				811F4C2A1ECC6B7000653753 /* Debug */,
				811F4C2B1ECC6B7000653753 /* Release */,
			);
			defaultConfigurationIsVisible = 0;
			defaultConfigurationName = Release;
		};
		811F4C2C1ECC6B7000653753 /* Build configuration list for PBXNativeTarget "Flipdecks" */ = {
			isa = XCConfigurationList;
			buildConfigurations = (
				811F4C2D1ECC6B7000653753 /* Debug */,
				811F4C2E1ECC6B7000653753 /* Release */,
			);
			defaultConfigurationIsVisible = 0;
			defaultConfigurationName = Release;
		};
/* End XCConfigurationList section */
	};
	rootObject = 811F4C121ECC6B7000653753 /* Project object */;
}
