// !$*UTF8*$!
{
	archiveVersion = 1;
	classes = {
	};
	objectVersion = 46;
	objects = {

/* Begin PBXBuildFile section */
		8406C8DC1ED5B2DC00F8DB6C /* AppDelegate.swift in Sources */ = {isa = PBXBuildFile; fileRef = 8406C8DB1ED5B2DC00F8DB6C /* AppDelegate.swift */; };
		8406C8DE1ED5B2DC00F8DB6C /* ViewController.swift in Sources */ = {isa = PBXBuildFile; fileRef = 8406C8DD1ED5B2DC00F8DB6C /* ViewController.swift */; };
		8406C8E11ED5B2DC00F8DB6C /* Main.storyboard in Resources */ = {isa = PBXBuildFile; fileRef = 8406C8DF1ED5B2DC00F8DB6C /* Main.storyboard */; };
		8406C8E31ED5B2DC00F8DB6C /* Assets.xcassets in Resources */ = {isa = PBXBuildFile; fileRef = 8406C8E21ED5B2DC00F8DB6C /* Assets.xcassets */; };
		8406C8E61ED5B2DC00F8DB6C /* LaunchScreen.storyboard in Resources */ = {isa = PBXBuildFile; fileRef = 8406C8E41ED5B2DC00F8DB6C /* LaunchScreen.storyboard */; };
		8406C8EE1ED5B6C900F8DB6C /* Language.swift in Sources */ = {isa = PBXBuildFile; fileRef = 8406C8ED1ED5B6C900F8DB6C /* Language.swift */; };
		8406C8F01ED5B70D00F8DB6C /* languageList.swift in Sources */ = {isa = PBXBuildFile; fileRef = 8406C8EF1ED5B70D00F8DB6C /* languageList.swift */; };
		8406C8F21ED5B78A00F8DB6C /* LanguageTableViewController.swift in Sources */ = {isa = PBXBuildFile; fileRef = 8406C8F11ED5B78A00F8DB6C /* LanguageTableViewController.swift */; };
		8406C8F41ED5BA8C00F8DB6C /* FancyButton.swift in Sources */ = {isa = PBXBuildFile; fileRef = 8406C8F31ED5BA8C00F8DB6C /* FancyButton.swift */; };
/* End PBXBuildFile section */

/* Begin PBXFileReference section */
		8406C8D81ED5B2DC00F8DB6C /* cities.app */ = {isa = PBXFileReference; explicitFileType = wrapper.application; includeInIndex = 0; path = cities.app; sourceTree = BUILT_PRODUCTS_DIR; };
		8406C8DB1ED5B2DC00F8DB6C /* AppDelegate.swift */ = {isa = PBXFileReference; lastKnownFileType = sourcecode.swift; path = AppDelegate.swift; sourceTree = "<group>"; };
		8406C8DD1ED5B2DC00F8DB6C /* ViewController.swift */ = {isa = PBXFileReference; lastKnownFileType = sourcecode.swift; path = ViewController.swift; sourceTree = "<group>"; };
		8406C8E01ED5B2DC00F8DB6C /* Base */ = {isa = PBXFileReference; lastKnownFileType = file.storyboard; name = Base; path = Base.lproj/Main.storyboard; sourceTree = "<group>"; };
		8406C8E21ED5B2DC00F8DB6C /* Assets.xcassets */ = {isa = PBXFileReference; lastKnownFileType = folder.assetcatalog; path = Assets.xcassets; sourceTree = "<group>"; };
		8406C8E51ED5B2DC00F8DB6C /* Base */ = {isa = PBXFileReference; lastKnownFileType = file.storyboard; name = Base; path = Base.lproj/LaunchScreen.storyboard; sourceTree = "<group>"; };
		8406C8E71ED5B2DC00F8DB6C /* Info.plist */ = {isa = PBXFileReference; lastKnownFileType = text.plist.xml; path = Info.plist; sourceTree = "<group>"; };
		8406C8ED1ED5B6C900F8DB6C /* Language.swift */ = {isa = PBXFileReference; fileEncoding = 4; lastKnownFileType = sourcecode.swift; path = Language.swift; sourceTree = "<group>"; };
		8406C8EF1ED5B70D00F8DB6C /* languageList.swift */ = {isa = PBXFileReference; fileEncoding = 4; lastKnownFileType = sourcecode.swift; path = languageList.swift; sourceTree = "<group>"; };
		8406C8F11ED5B78A00F8DB6C /* LanguageTableViewController.swift */ = {isa = PBXFileReference; fileEncoding = 4; lastKnownFileType = sourcecode.swift; path = LanguageTableViewController.swift; sourceTree = "<group>"; };
		8406C8F31ED5BA8C00F8DB6C /* FancyButton.swift */ = {isa = PBXFileReference; fileEncoding = 4; lastKnownFileType = sourcecode.swift; path = FancyButton.swift; sourceTree = "<group>"; };
/* End PBXFileReference section */

/* Begin PBXFrameworksBuildPhase section */
		8406C8D51ED5B2DC00F8DB6C /* Frameworks */ = {
			isa = PBXFrameworksBuildPhase;
			buildActionMask = 2147483647;
			files = (
			);
			runOnlyForDeploymentPostprocessing = 0;
		};
/* End PBXFrameworksBuildPhase section */

/* Begin PBXGroup section */
		8406C8CF1ED5B2DB00F8DB6C = {
			isa = PBXGroup;
			children = (
				8406C8DA1ED5B2DC00F8DB6C /* cities */,
				8406C8D91ED5B2DC00F8DB6C /* Products */,
			);
			sourceTree = "<group>";
		};
		8406C8D91ED5B2DC00F8DB6C /* Products */ = {
			isa = PBXGroup;
			children = (
				8406C8D81ED5B2DC00F8DB6C /* cities.app */,
			);
			name = Products;
			sourceTree = "<group>";
		};
		8406C8DA1ED5B2DC00F8DB6C /* cities */ = {
			isa = PBXGroup;
			children = (
				8406C8DB1ED5B2DC00F8DB6C /* AppDelegate.swift */,
				8406C8DD1ED5B2DC00F8DB6C /* ViewController.swift */,
				8406C8DF1ED5B2DC00F8DB6C /* Main.storyboard */,
				8406C8E21ED5B2DC00F8DB6C /* Assets.xcassets */,
				8406C8E41ED5B2DC00F8DB6C /* LaunchScreen.storyboard */,
				8406C8E71ED5B2DC00F8DB6C /* Info.plist */,
				8406C8ED1ED5B6C900F8DB6C /* Language.swift */,
				8406C8EF1ED5B70D00F8DB6C /* languageList.swift */,
				8406C8F11ED5B78A00F8DB6C /* LanguageTableViewController.swift */,
				8406C8F31ED5BA8C00F8DB6C /* FancyButton.swift */,
			);
			path = cities;
			sourceTree = "<group>";
		};
/* End PBXGroup section */

/* Begin PBXNativeTarget section */
		8406C8D71ED5B2DC00F8DB6C /* cities */ = {
			isa = PBXNativeTarget;
			buildConfigurationList = 8406C8EA1ED5B2DC00F8DB6C /* Build configuration list for PBXNativeTarget "cities" */;
			buildPhases = (
				8406C8D41ED5B2DC00F8DB6C /* Sources */,
				8406C8D51ED5B2DC00F8DB6C /* Frameworks */,
				8406C8D61ED5B2DC00F8DB6C /* Resources */,
			);
			buildRules = (
			);
			dependencies = (
			);
			name = cities;
			productName = cities;
			productReference = 8406C8D81ED5B2DC00F8DB6C /* cities.app */;
			productType = "com.apple.product-type.application";
		};
/* End PBXNativeTarget section */

/* Begin PBXProject section */
		8406C8D01ED5B2DB00F8DB6C /* Project object */ = {
			isa = PBXProject;
			attributes = {
				LastSwiftUpdateCheck = 0820;
				LastUpgradeCheck = 0820;
				ORGANIZATIONNAME = tip;
				TargetAttributes = {
					8406C8D71ED5B2DC00F8DB6C = {
						CreatedOnToolsVersion = 8.2.1;
						ProvisioningStyle = Automatic;
					};
				};
			};
			buildConfigurationList = 8406C8D31ED5B2DB00F8DB6C /* Build configuration list for PBXProject "cities" */;
			compatibilityVersion = "Xcode 3.2";
			developmentRegion = English;
			hasScannedForEncodings = 0;
			knownRegions = (
				en,
				Base,
			);
			mainGroup = 8406C8CF1ED5B2DB00F8DB6C;
			productRefGroup = 8406C8D91ED5B2DC00F8DB6C /* Products */;
			projectDirPath = "";
			projectRoot = "";
			targets = (
				8406C8D71ED5B2DC00F8DB6C /* cities */,
			);
		};
/* End PBXProject section */

/* Begin PBXResourcesBuildPhase section */
		8406C8D61ED5B2DC00F8DB6C /* Resources */ = {
			isa = PBXResourcesBuildPhase;
			buildActionMask = 2147483647;
			files = (
				8406C8E61ED5B2DC00F8DB6C /* LaunchScreen.storyboard in Resources */,
				8406C8E31ED5B2DC00F8DB6C /* Assets.xcassets in Resources */,
				8406C8E11ED5B2DC00F8DB6C /* Main.storyboard in Resources */,
			);
			runOnlyForDeploymentPostprocessing = 0;
		};
/* End PBXResourcesBuildPhase section */

/* Begin PBXSourcesBuildPhase section */
		8406C8D41ED5B2DC00F8DB6C /* Sources */ = {
			isa = PBXSourcesBuildPhase;
			buildActionMask = 2147483647;
			files = (
				8406C8EE1ED5B6C900F8DB6C /* Language.swift in Sources */,
				8406C8F21ED5B78A00F8DB6C /* LanguageTableViewController.swift in Sources */,
				8406C8DE1ED5B2DC00F8DB6C /* ViewController.swift in Sources */,
				8406C8F41ED5BA8C00F8DB6C /* FancyButton.swift in Sources */,
				8406C8F01ED5B70D00F8DB6C /* languageList.swift in Sources */,
				8406C8DC1ED5B2DC00F8DB6C /* AppDelegate.swift in Sources */,
			);
			runOnlyForDeploymentPostprocessing = 0;
		};
/* End PBXSourcesBuildPhase section */

/* Begin PBXVariantGroup section */
		8406C8DF1ED5B2DC00F8DB6C /* Main.storyboard */ = {
			isa = PBXVariantGroup;
			children = (
				8406C8E01ED5B2DC00F8DB6C /* Base */,
			);
			name = Main.storyboard;
			sourceTree = "<group>";
		};
		8406C8E41ED5B2DC00F8DB6C /* LaunchScreen.storyboard */ = {
			isa = PBXVariantGroup;
			children = (
				8406C8E51ED5B2DC00F8DB6C /* Base */,
			);
			name = LaunchScreen.storyboard;
			sourceTree = "<group>";
		};
/* End PBXVariantGroup section */

/* Begin XCBuildConfiguration section */
		8406C8E81ED5B2DC00F8DB6C /* Debug */ = {
			isa = XCBuildConfiguration;
			buildSettings = {
				ALWAYS_SEARCH_USER_PATHS = NO;
				CLANG_ANALYZER_NONNULL = YES;
				CLANG_CXX_LANGUAGE_STANDARD = "gnu++0x";
				CLANG_CXX_LIBRARY = "libc++";
				CLANG_ENABLE_MODULES = YES;
				CLANG_ENABLE_OBJC_ARC = YES;
				CLANG_WARN_BOOL_CONVERSION = YES;
				CLANG_WARN_CONSTANT_CONVERSION = YES;
				CLANG_WARN_DIRECT_OBJC_ISA_USAGE = YES_ERROR;
				CLANG_WARN_DOCUMENTATION_COMMENTS = YES;
				CLANG_WARN_EMPTY_BODY = YES;
				CLANG_WARN_ENUM_CONVERSION = YES;
				CLANG_WARN_INFINITE_RECURSION = YES;
				CLANG_WARN_INT_CONVERSION = YES;
				CLANG_WARN_OBJC_ROOT_CLASS = YES_ERROR;
				CLANG_WARN_SUSPICIOUS_MOVE = YES;
				CLANG_WARN_UNREACHABLE_CODE = YES;
				CLANG_WARN__DUPLICATE_METHOD_MATCH = YES;
				"CODE_SIGN_IDENTITY[sdk=iphoneos*]" = "iPhone Developer";
				COPY_PHASE_STRIP = NO;
				DEBUG_INFORMATION_FORMAT = dwarf;
				ENABLE_STRICT_OBJC_MSGSEND = YES;
				ENABLE_TESTABILITY = YES;
				GCC_C_LANGUAGE_STANDARD = gnu99;
				GCC_DYNAMIC_NO_PIC = NO;
				GCC_NO_COMMON_BLOCKS = YES;
				GCC_OPTIMIZATION_LEVEL = 0;
				GCC_PREPROCESSOR_DEFINITIONS = (
					"DEBUG=1",
					"$(inherited)",
				);
				GCC_WARN_64_TO_32_BIT_CONVERSION = YES;
				GCC_WARN_ABOUT_RETURN_TYPE = YES_ERROR;
				GCC_WARN_UNDECLARED_SELECTOR = YES;
				GCC_WARN_UNINITIALIZED_AUTOS = YES_AGGRESSIVE;
				GCC_WARN_UNUSED_FUNCTION = YES;
				GCC_WARN_UNUSED_VARIABLE = YES;
				IPHONEOS_DEPLOYMENT_TARGET = 10.2;
				MTL_ENABLE_DEBUG_INFO = YES;
				ONLY_ACTIVE_ARCH = YES;
				SDKROOT = iphoneos;
				SWIFT_ACTIVE_COMPILATION_CONDITIONS = DEBUG;
				SWIFT_OPTIMIZATION_LEVEL = "-Onone";
				TARGETED_DEVICE_FAMILY = "1,2";
			};
			name = Debug;
		};
		8406C8E91ED5B2DC00F8DB6C /* Release */ = {
			isa = XCBuildConfiguration;
			buildSettings = {
				ALWAYS_SEARCH_USER_PATHS = NO;
				CLANG_ANALYZER_NONNULL = YES;
				CLANG_CXX_LANGUAGE_STANDARD = "gnu++0x";
				CLANG_CXX_LIBRARY = "libc++";
				CLANG_ENABLE_MODULES = YES;
				CLANG_ENABLE_OBJC_ARC = YES;
				CLANG_WARN_BOOL_CONVERSION = YES;
				CLANG_WARN_CONSTANT_CONVERSION = YES;
				CLANG_WARN_DIRECT_OBJC_ISA_USAGE = YES_ERROR;
				CLANG_WARN_DOCUMENTATION_COMMENTS = YES;
				CLANG_WARN_EMPTY_BODY = YES;
				CLANG_WARN_ENUM_CONVERSION = YES;
				CLANG_WARN_INFINITE_RECURSION = YES;
				CLANG_WARN_INT_CONVERSION = YES;
				CLANG_WARN_OBJC_ROOT_CLASS = YES_ERROR;
				CLANG_WARN_SUSPICIOUS_MOVE = YES;
				CLANG_WARN_UNREACHABLE_CODE = YES;
				CLANG_WARN__DUPLICATE_METHOD_MATCH = YES;
				"CODE_SIGN_IDENTITY[sdk=iphoneos*]" = "iPhone Developer";
				COPY_PHASE_STRIP = NO;
				DEBUG_INFORMATION_FORMAT = "dwarf-with-dsym";
				ENABLE_NS_ASSERTIONS = NO;
				ENABLE_STRICT_OBJC_MSGSEND = YES;
				GCC_C_LANGUAGE_STANDARD = gnu99;
				GCC_NO_COMMON_BLOCKS = YES;
				GCC_WARN_64_TO_32_BIT_CONVERSION = YES;
				GCC_WARN_ABOUT_RETURN_TYPE = YES_ERROR;
				GCC_WARN_UNDECLARED_SELECTOR = YES;
				GCC_WARN_UNINITIALIZED_AUTOS = YES_AGGRESSIVE;
				GCC_WARN_UNUSED_FUNCTION = YES;
				GCC_WARN_UNUSED_VARIABLE = YES;
				IPHONEOS_DEPLOYMENT_TARGET = 10.2;
				MTL_ENABLE_DEBUG_INFO = NO;
				SDKROOT = iphoneos;
				SWIFT_OPTIMIZATION_LEVEL = "-Owholemodule";
				TARGETED_DEVICE_FAMILY = "1,2";
				VALIDATE_PRODUCT = YES;
			};
			name = Release;
		};
		8406C8EB1ED5B2DC00F8DB6C /* Debug */ = {
			isa = XCBuildConfiguration;
			buildSettings = {
				ASSETCATALOG_COMPILER_APPICON_NAME = AppIcon;
				INFOPLIST_FILE = cities/Info.plist;
				LD_RUNPATH_SEARCH_PATHS = "$(inherited) @executable_path/Frameworks";
				PRODUCT_BUNDLE_IDENTIFIER = top.cities;
				PRODUCT_NAME = "$(TARGET_NAME)";
				SWIFT_VERSION = 3.0;
			};
			name = Debug;
		};
		8406C8EC1ED5B2DC00F8DB6C /* Release */ = {
			isa = XCBuildConfiguration;
			buildSettings = {
				ASSETCATALOG_COMPILER_APPICON_NAME = AppIcon;
				INFOPLIST_FILE = cities/Info.plist;
				LD_RUNPATH_SEARCH_PATHS = "$(inherited) @executable_path/Frameworks";
				PRODUCT_BUNDLE_IDENTIFIER = top.cities;
				PRODUCT_NAME = "$(TARGET_NAME)";
				SWIFT_VERSION = 3.0;
			};
			name = Release;
		};
/* End XCBuildConfiguration section */

/* Begin XCConfigurationList section */
		8406C8D31ED5B2DB00F8DB6C /* Build configuration list for PBXProject "cities" */ = {
			isa = XCConfigurationList;
			buildConfigurations = (
				8406C8E81ED5B2DC00F8DB6C /* Debug */,
				8406C8E91ED5B2DC00F8DB6C /* Release */,
			);
			defaultConfigurationIsVisible = 0;
			defaultConfigurationName = Release;
		};
		8406C8EA1ED5B2DC00F8DB6C /* Build configuration list for PBXNativeTarget "cities" */ = {
			isa = XCConfigurationList;
			buildConfigurations = (
				8406C8EB1ED5B2DC00F8DB6C /* Debug */,
				8406C8EC1ED5B2DC00F8DB6C /* Release */,
			);
			defaultConfigurationIsVisible = 0;
			defaultConfigurationName = Release;
		};
/* End XCConfigurationList section */
	};
	rootObject = 8406C8D01ED5B2DB00F8DB6C /* Project object */;
}
